{
  "version": "5",
  "specifiers": {
    "jsr:@std/assert@^1.0.19": "1.0.19",
    "jsr:@std/html@^1.0.7": "1.0.7",
    "jsr:@std/internal@^1.0.12": "1.0.14",
    "npm:@types/markdown-it@^14.2.0": "14.2.0",
    "npm:markdown-it-anchor@^9.2.1": "9.2.1_@types+markdown-it@14.2.0_markdown-it@15.0.0",
    "npm:markdown-it@15": "15.0.0"
  },
  "jsr": {
    "@std/assert@1.0.19": {
      "integrity": "eaada96ee120cb980bc47e040f82814d786fe8162ecc53c91d8df60b8755991e",
      "dependencies": [
        "jsr:@std/internal"
      ]
    },
    "@std/html@1.0.7": {
      "integrity": "175c818905a6e75743c69c251395e273d82698e58cfe7dd76268d70e28b8d8fe"
    },
    "@std/internal@1.0.14": {
      "integrity": "291516b3d4c35024d6ffbc0a9df5bf4c64116e05b50012cf846710152d2ffdf7"
    }
  },
  "npm": {
    "@types/linkify-it@5.0.0": {
      "integrity": "sha512-sVDA58zAw4eWAffKOaQH5/5j3XeayukzDk+ewSsnv3p4yJEZHCCzMDiZM8e0OUrRvmpGZ85jf4yDHkHsgBNr9Q=="
    },
    "@types/markdown-it@14.2.0": {
      "integrity": "sha512-NoQ2yGlLWj4wpxMs+TYmRKk3thDrQ97agr7sFqfLsAlvoS8SNQuTrlObhFqG9iugdTtgOE9jpJ6FNM4ZGsa5xQ==",
      "dependencies": [
        "@types/linkify-it",
        "@types/mdurl"
      ]
    },
    "@types/mdurl@2.0.0": {
      "integrity": "sha512-RGdgjQUZba5p6QEFAVx2OGb8rQDL/cPRG7GiedRzMcJ1tYnUANBncjbSB1NRGwbvjcPeikRABz2nshyPk1bhWg=="
    },
    "argparse@3.0.0": {
      "integrity": "sha512-BOp5NMrHqKxmq/OLr+clzzrRxgOKSLkcjmkWuChp7Irqwn4s74WjOBPIgWfA/HMcBnVkZ5XEuf9uUqzlpfCQ6A=="
    },
    "entities@8.0.0": {
      "integrity": "sha512-zwfzJecQ/Uej6tusMqwAqU/6KL2XaB2VZ2Jg54Je6ahNBGNH6Ek6g3jjNCF0fG9EWQKGZNddNjU5F1ZQn/sBnA=="
    },
    "linkify-it@6.1.0": {
      "integrity": "sha512-wJ/TwpSDTLepCrQoYWYIExIKg5Zchex2Nn5yk2mFnB+6PtdkHtyLx742md9csRjjOnGkKIS/RrbY7l8D6gT9Vw==",
      "dependencies": [
        "uc.micro"
      ]
    },
    "markdown-it-anchor@9.2.1_@types+markdown-it@14.2.0_markdown-it@15.0.0": {
      "integrity": "sha512-p6APiLJDFAW2GEvaavDvhIBn7jrX2jLv77NkBGgNacFTurbORYc4pyYySg/mI6mpR6cHQuAtzKtmqgQr4K8dsQ==",
      "dependencies": [
        "@types/markdown-it",
        "markdown-it"
      ]
    },
    "markdown-it@15.0.0": {
      "integrity": "sha512-Lf8ajvVNdRpzSNB4VegxNy7gjs8gU35l4b4+ET49LrQC5PKYwLZ72u60LeJ9gv3qiaesuYjJWCyVeQmv/QWKQw==",
      "dependencies": [
        "argparse",
        "entities",
        "linkify-it",
        "mdurl",
        "punycode.js",
        "uc.micro"
      ],
      "bin": true
    },
    "mdurl@2.1.0": {
      "integrity": "sha512-1+HBaOx0zi/dQWht8rNv9MYf9qqpqL/kxI0hXImU6Y547zM6Sni8BQibt7ifgMcYtQg41ao3Ivd6cnSM86inpg=="
    },
    "punycode.js@2.3.1": {
      "integrity": "sha512-uxFIHU0YlHYhDQtV4R9J6a52SLx28BCjT+4ieh7IGbgwVJWO+km431c4yRlREUAsAmt/uMjQUyQHNEPf0M39CA=="
    },
    "uc.micro@3.0.0": {
      "integrity": "sha512-U3PppEkleoTnIfi8BozMx3yju3qc/L6SwqWo2Sw+54PX+PX0q9I+r1Um5HCmqD7n9VDX5/v3vQH/AjA6deDdtw=="
    }
  },
  "workspace": {
    "dependencies": [
      "jsr:@std/assert@^1.0.19",
      "jsr:@std/html@^1.0.7",
      "npm:@types/markdown-it@^14.2.0",
      "npm:markdown-it-anchor@^9.2.1",
      "npm:markdown-it@15"
    ]
  }
}
